// !$*UTF8*$!
{
	archiveVersion = 1;
	classes = {
	};
	objectVersion = 51;
	objects = {

/* Begin PBXBuildFile section */
		314EACAA26156456006126DE /* AppDelegate.swift in Sources */ = {isa = PBXBuildFile; fileRef = 314EACA926156456006126DE /* AppDelegate.swift */; };
		314EACAC26156456006126DE /* SceneDelegate.swift in Sources */ = {isa = PBXBuildFile; fileRef = 314EACAB26156456006126DE /* SceneDelegate.swift */; };
		314EACAE26156456006126DE /* ViewController.swift in Sources */ = {isa = PBXBuildFile; fileRef = 314EACAD26156456006126DE /* ViewController.swift */; };
		314EACB126156456006126DE /* Main.storyboard in Resources */ = {isa = PBXBuildFile; fileRef = 314EACAF26156456006126DE /* Main.storyboard */; };
		314EACB326156457006126DE /* Assets.xcassets in Resources */ = {isa = PBXBuildFile; fileRef = 314EACB226156457006126DE /* Assets.xcassets */; };
		314EACB626156457006126DE /* LaunchScreen.storyboard in Resources */ = {isa = PBXBuildFile; fileRef = 314EACB426156457006126DE /* LaunchScreen.storyboard */; };
		314EACC02615648E006126DE /* ProgressIndicator.swift in Sources */ = {isa = PBXBuildFile; fileRef = 314EACBF2615648E006126DE /* ProgressIndicator.swift */; };
		314EACC3261564D4006126DE /* ProgressCircle.swift in Sources */ = {isa = PBXBuildFile; fileRef = 314EACC2261564D4006126DE /* ProgressCircle.swift */; };
		314EACC6261564E4006126DE /* ProgressBar.swift in Sources */ = {isa = PBXBuildFile; fileRef = 314EACC5261564E4006126DE /* ProgressBar.swift */; };
		314F54342616BAAA009B09CD /* progress_waiting.json in Resources */ = {isa = PBXBuildFile; fileRef = 314F542F2616BAA9009B09CD /* progress_waiting.json */; };
		314F54352616BAAA009B09CD /* progress_loading_after.json in Resources */ = {isa = PBXBuildFile; fileRef = 314F54302616BAAA009B09CD /* progress_loading_after.json */; };
		314F54362616BAAA009B09CD /* progress_loading_waiting.json in Resources */ = {isa = PBXBuildFile; fileRef = 314F54312616BAAA009B09CD /* progress_loading_waiting.json */; };
		314F54372616BAAA009B09CD /* progress_loading.json in Resources */ = {isa = PBXBuildFile; fileRef = 314F54322616BAAA009B09CD /* progress_loading.json */; };
		314F54382616BAAA009B09CD /* progress_loading_completed.json in Resources */ = {isa = PBXBuildFile; fileRef = 314F54332616BAAA009B09CD /* progress_loading_completed.json */; };
		DAF4BCFE3B8F1D941EE55AA4 /* Pods_ProgressBar.framework in Frameworks */ = {isa = PBXBuildFile; fileRef = 57E6BB0C7380CFDA20124EB2 /* Pods_ProgressBar.framework */; };
/* End PBXBuildFile section */

/* Begin PBXFileReference section */
		314EACA626156456006126DE /* ProgressBar.app */ = {isa = PBXFileReference; explicitFileType = wrapper.application; includeInIndex = 0; path = ProgressBar.app; sourceTree = BUILT_PRODUCTS_DIR; };
		314EACA926156456006126DE /* AppDelegate.swift */ = {isa = PBXFileReference; lastKnownFileType = sourcecode.swift; path = AppDelegate.swift; sourceTree = "<group>"; };
		314EACAB26156456006126DE /* SceneDelegate.swift */ = {isa = PBXFileReference; lastKnownFileType = sourcecode.swift; path = SceneDelegate.swift; sourceTree = "<group>"; };
		314EACAD26156456006126DE /* ViewController.swift */ = {isa = PBXFileReference; lastKnownFileType = sourcecode.swift; path = ViewController.swift; sourceTree = "<group>"; };
		314EACB026156456006126DE /* Base */ = {isa = PBXFileReference; lastKnownFileType = file.storyboard; name = Base; path = Base.lproj/Main.storyboard; sourceTree = "<group>"; };
		314EACB226156457006126DE /* Assets.xcassets */ = {isa = PBXFileReference; lastKnownFileType = folder.assetcatalog; path = Assets.xcassets; sourceTree = "<group>"; };
		314EACB526156457006126DE /* Base */ = {isa = PBXFileReference; lastKnownFileType = file.storyboard; name = Base; path = Base.lproj/LaunchScreen.storyboard; sourceTree = "<group>"; };
		314EACB726156457006126DE /* Info.plist */ = {isa = PBXFileReference; lastKnownFileType = text.plist.xml; path = Info.plist; sourceTree = "<group>"; };
		314EACBF2615648E006126DE /* ProgressIndicator.swift */ = {isa = PBXFileReference; lastKnownFileType = sourcecode.swift; path = ProgressIndicator.swift; sourceTree = "<group>"; };
		314EACC2261564D4006126DE /* ProgressCircle.swift */ = {isa = PBXFileReference; lastKnownFileType = sourcecode.swift; path = ProgressCircle.swift; sourceTree = "<group>"; };
		314EACC5261564E4006126DE /* ProgressBar.swift */ = {isa = PBXFileReference; lastKnownFileType = sourcecode.swift; path = ProgressBar.swift; sourceTree = "<group>"; };
		314F542F2616BAA9009B09CD /* progress_waiting.json */ = {isa = PBXFileReference; fileEncoding = 4; lastKnownFileType = text.json; name = progress_waiting.json; path = "../../../Downloads/[Easysetup]/Progress bar_VI/xxxhdpi/Json/progress_waiting.json"; sourceTree = "<group>"; };
		314F54302616BAAA009B09CD /* progress_loading_after.json */ = {isa = PBXFileReference; fileEncoding = 4; lastKnownFileType = text.json; name = progress_loading_after.json; path = "../../../Downloads/[Easysetup]/Progress bar_VI/xxxhdpi/Json/progress_loading_after.json"; sourceTree = "<group>"; };
		314F54312616BAAA009B09CD /* progress_loading_waiting.json */ = {isa = PBXFileReference; fileEncoding = 4; lastKnownFileType = text.json; name = progress_loading_waiting.json; path = "../../../Downloads/[Easysetup]/Progress bar_VI/xxxhdpi/Json/progress_loading_waiting.json"; sourceTree = "<group>"; };
		314F54322616BAAA009B09CD /* progress_loading.json */ = {isa = PBXFileReference; fileEncoding = 4; lastKnownFileType = text.json; name = progress_loading.json; path = "../../../Downloads/[Easysetup]/Progress bar_VI/xxxhdpi/Json/progress_loading.json"; sourceTree = "<group>"; };
		314F54332616BAAA009B09CD /* progress_loading_completed.json */ = {isa = PBXFileReference; fileEncoding = 4; lastKnownFileType = text.json; name = progress_loading_completed.json; path = "../../../Downloads/[Easysetup]/Progress bar_VI/xxxhdpi/Json/progress_loading_completed.json"; sourceTree = "<group>"; };
		57E6BB0C7380CFDA20124EB2 /* Pods_ProgressBar.framework */ = {isa = PBXFileReference; explicitFileType = wrapper.framework; includeInIndex = 0; path = Pods_ProgressBar.framework; sourceTree = BUILT_PRODUCTS_DIR; };
		A9F18CFAC91076F4E267924D /* Pods-ProgressBar.release.xcconfig */ = {isa = PBXFileReference; includeInIndex = 1; lastKnownFileType = text.xcconfig; name = "Pods-ProgressBar.release.xcconfig"; path = "Target Support Files/Pods-ProgressBar/Pods-ProgressBar.release.xcconfig"; sourceTree = "<group>"; };
		D9E347CC5C1483333C5192E2 /* Pods-ProgressBar.debug.xcconfig */ = {isa = PBXFileReference; includeInIndex = 1; lastKnownFileType = text.xcconfig; name = "Pods-ProgressBar.debug.xcconfig"; path = "Target Support Files/Pods-ProgressBar/Pods-ProgressBar.debug.xcconfig"; sourceTree = "<group>"; };
/* End PBXFileReference section */

/* Begin PBXFrameworksBuildPhase section */
		314EACA326156456006126DE /* Frameworks */ = {
			isa = PBXFrameworksBuildPhase;
			buildActionMask = 2147483647;
			files = (
				DAF4BCFE3B8F1D941EE55AA4 /* Pods_ProgressBar.framework in Frameworks */,
			);
			runOnlyForDeploymentPostprocessing = 0;
		};
/* End PBXFrameworksBuildPhase section */

/* Begin PBXGroup section */
		314EAC9D26156456006126DE = {
			isa = PBXGroup;
			children = (
				314EACA826156456006126DE /* ProgressBar */,
				314EACA726156456006126DE /* Products */,
				BC85952291FAD8B5CCE5DDEC /* Pods */,
				633C4F47711A69FB86ABF9A6 /* Frameworks */,
			);
			sourceTree = "<group>";
		};
		314EACA726156456006126DE /* Products */ = {
			isa = PBXGroup;
			children = (
				314EACA626156456006126DE /* ProgressBar.app */,
			);
			name = Products;
			sourceTree = "<group>";
		};
		314EACA826156456006126DE /* ProgressBar */ = {
			isa = PBXGroup;
			children = (
				314F54302616BAAA009B09CD /* progress_loading_after.json */,
				314F54332616BAAA009B09CD /* progress_loading_completed.json */,
				314F54312616BAAA009B09CD /* progress_loading_waiting.json */,
				314F54322616BAAA009B09CD /* progress_loading.json */,
				314F542F2616BAA9009B09CD /* progress_waiting.json */,
				314EACBE26156480006126DE /* Progress */,
				314EACA926156456006126DE /* AppDelegate.swift */,
				314EACAB26156456006126DE /* SceneDelegate.swift */,
				314EACAD26156456006126DE /* ViewController.swift */,
				314EACAF26156456006126DE /* Main.storyboard */,
				314EACB226156457006126DE /* Assets.xcassets */,
				314EACB426156457006126DE /* LaunchScreen.storyboard */,
				314EACB726156457006126DE /* Info.plist */,
			);
			path = ProgressBar;
			sourceTree = "<group>";
		};
		314EACBE26156480006126DE /* Progress */ = {
			isa = PBXGroup;
			children = (
				314EACBF2615648E006126DE /* ProgressIndicator.swift */,
				314EACC2261564D4006126DE /* ProgressCircle.swift */,
				314EACC5261564E4006126DE /* ProgressBar.swift */,
			);
			path = Progress;
			sourceTree = "<group>";
		};
		633C4F47711A69FB86ABF9A6 /* Frameworks */ = {
			isa = PBXGroup;
			children = (
				57E6BB0C7380CFDA20124EB2 /* Pods_ProgressBar.framework */,
			);
			name = Frameworks;
			sourceTree = "<group>";
		};
		BC85952291FAD8B5CCE5DDEC /* Pods */ = {
			isa = PBXGroup;
			children = (
				D9E347CC5C1483333C5192E2 /* Pods-ProgressBar.debug.xcconfig */,
				A9F18CFAC91076F4E267924D /* Pods-ProgressBar.release.xcconfig */,
			);
			path = Pods;
			sourceTree = "<group>";
		};
/* End PBXGroup section */

/* Begin PBXNativeTarget section */
		314EACA526156456006126DE /* ProgressBar */ = {
			isa = PBXNativeTarget;
			buildConfigurationList = 314EACBA26156457006126DE /* Build configuration list for PBXNativeTarget "ProgressBar" */;
			buildPhases = (
				BA00BB73A0629D0258EFA649 /* [CP] Check Pods Manifest.lock */,
				314EACA226156456006126DE /* Sources */,
				314EACA326156456006126DE /* Frameworks */,
				314EACA426156456006126DE /* Resources */,
				870C144586F2172085FEF47A /* [CP] Embed Pods Frameworks */,
			);
			buildRules = (
			);
			dependencies = (
			);
			name = ProgressBar;
			productName = ProgressBar;
			productReference = 314EACA626156456006126DE /* ProgressBar.app */;
			productType = "com.apple.product-type.application";
		};
/* End PBXNativeTarget section */

/* Begin PBXProject section */
		314EAC9E26156456006126DE /* Project object */ = {
			isa = PBXProject;
			attributes = {
				LastSwiftUpdateCheck = 1240;
				LastUpgradeCheck = 1240;
				TargetAttributes = {
					314EACA526156456006126DE = {
						CreatedOnToolsVersion = 12.4;
					};
				};
			};
			buildConfigurationList = 314EACA126156456006126DE /* Build configuration list for PBXProject "ProgressBar" */;
			compatibilityVersion = "Xcode 9.3";
			developmentRegion = en;
			hasScannedForEncodings = 0;
			knownRegions = (
				en,
				Base,
			);
			mainGroup = 314EAC9D26156456006126DE;
			productRefGroup = 314EACA726156456006126DE /* Products */;
			projectDirPath = "";
			projectRoot = "";
			targets = (
				314EACA526156456006126DE /* ProgressBar */,
			);
		};
/* End PBXProject section */

/* Begin PBXResourcesBuildPhase section */
		314EACA426156456006126DE /* Resources */ = {
			isa = PBXResourcesBuildPhase;
			buildActionMask = 2147483647;
			files = (
				314F54342616BAAA009B09CD /* progress_waiting.json in Resources */,
				314F54372616BAAA009B09CD /* progress_loading.json in Resources */,
				314F54362616BAAA009B09CD /* progress_loading_waiting.json in Resources */,
				314F54352616BAAA009B09CD /* progress_loading_after.json in Resources */,
				314EACB626156457006126DE /* LaunchScreen.storyboard in Resources */,
				314F54382616BAAA009B09CD /* progress_loading_completed.json in Resources */,
				314EACB326156457006126DE /* Assets.xcassets in Resources */,
				314EACB126156456006126DE /* Main.storyboard in Resources */,
			);
			runOnlyForDeploymentPostprocessing = 0;
		};
/* End PBXResourcesBuildPhase section */

/* Begin PBXShellScriptBuildPhase section */
		870C144586F2172085FEF47A /* [CP] Embed Pods Frameworks */ = {
			isa = PBXShellScriptBuildPhase;
			buildActionMask = 2147483647;
			files = (
			);
			inputFileListPaths = (
				"${PODS_ROOT}/Target Support Files/Pods-ProgressBar/Pods-ProgressBar-frameworks-${CONFIGURATION}-input-files.xcfilelist",
			);
			name = "[CP] Embed Pods Frameworks";
			outputFileListPaths = (
				"${PODS_ROOT}/Target Support Files/Pods-ProgressBar/Pods-ProgressBar-frameworks-${CONFIGURATION}-output-files.xcfilelist",
			);
			runOnlyForDeploymentPostprocessing = 0;
			shellPath = /bin/sh;
			shellScript = "\"${PODS_ROOT}/Target Support Files/Pods-ProgressBar/Pods-ProgressBar-frameworks.sh\"\n";
			showEnvVarsInLog = 0;
		};
		BA00BB73A0629D0258EFA649 /* [CP] Check Pods Manifest.lock */ = {
			isa = PBXShellScriptBuildPhase;
			buildActionMask = 2147483647;
			files = (
			);
			inputFileListPaths = (
			);
			inputPaths = (
				"${PODS_PODFILE_DIR_PATH}/Podfile.lock",
				"${PODS_ROOT}/Manifest.lock",
			);
			name = "[CP] Check Pods Manifest.lock";
			outputFileListPaths = (
			);
			outputPaths = (
				"$(DERIVED_FILE_DIR)/Pods-ProgressBar-checkManifestLockResult.txt",
			);
			runOnlyForDeploymentPostprocessing = 0;
			shellPath = /bin/sh;
			shellScript = "diff \"${PODS_PODFILE_DIR_PATH}/Podfile.lock\" \"${PODS_ROOT}/Manifest.lock\" > /dev/null\nif [ $? != 0 ] ; then\n    # print error to STDERR\n    echo \"error: The sandbox is not in sync with the Podfile.lock. Run 'pod install' or update your CocoaPods installation.\" >&2\n    exit 1\nfi\n# This output is used by Xcode 'outputs' to avoid re-running this script phase.\necho \"SUCCESS\" > \"${SCRIPT_OUTPUT_FILE_0}\"\n";
			showEnvVarsInLog = 0;
		};
/* End PBXShellScriptBuildPhase section */

/* Begin PBXSourcesBuildPhase section */
		314EACA226156456006126DE /* Sources */ = {
			isa = PBXSourcesBuildPhase;
			buildActionMask = 2147483647;
			files = (
				314EACC02615648E006126DE /* ProgressIndicator.swift in Sources */,
				314EACAE26156456006126DE /* ViewController.swift in Sources */,
				314EACAA26156456006126DE /* AppDelegate.swift in Sources */,
				314EACAC26156456006126DE /* SceneDelegate.swift in Sources */,
				314EACC6261564E4006126DE /* ProgressBar.swift in Sources */,
				314EACC3261564D4006126DE /* ProgressCircle.swift in Sources */,
			);
			runOnlyForDeploymentPostprocessing = 0;
		};
/* End PBXSourcesBuildPhase section */

/* Begin PBXVariantGroup section */
		314EACAF26156456006126DE /* Main.storyboard */ = {
			isa = PBXVariantGroup;
			children = (
				314EACB026156456006126DE /* Base */,
			);
			name = Main.storyboard;
			sourceTree = "<group>";
		};
		314EACB426156457006126DE /* LaunchScreen.storyboard */ = {
			isa = PBXVariantGroup;
			children = (
				314EACB526156457006126DE /* Base */,
			);
			name = LaunchScreen.storyboard;
			sourceTree = "<group>";
		};
/* End PBXVariantGroup section */

/* Begin XCBuildConfiguration section */
		314EACB826156457006126DE /* Debug */ = {
			isa = XCBuildConfiguration;
			buildSettings = {
				ALWAYS_SEARCH_USER_PATHS = NO;
				CLANG_ANALYZER_NONNULL = YES;
				CLANG_ANALYZER_NUMBER_OBJECT_CONVERSION = YES_AGGRESSIVE;
				CLANG_CXX_LANGUAGE_STANDARD = "gnu++14";
				CLANG_CXX_LIBRARY = "libc++";
				CLANG_ENABLE_MODULES = YES;
				CLANG_ENABLE_OBJC_ARC = YES;
				CLANG_ENABLE_OBJC_WEAK = YES;
				CLANG_WARN_BLOCK_CAPTURE_AUTORELEASING = YES;
				CLANG_WARN_BOOL_CONVERSION = YES;
				CLANG_WARN_COMMA = YES;
				CLANG_WARN_CONSTANT_CONVERSION = YES;
				CLANG_WARN_DEPRECATED_OBJC_IMPLEMENTATIONS = YES;
				CLANG_WARN_DIRECT_OBJC_ISA_USAGE = YES_ERROR;
				CLANG_WARN_DOCUMENTATION_COMMENTS = YES;
				CLANG_WARN_EMPTY_BODY = YES;
				CLANG_WARN_ENUM_CONVERSION = YES;
				CLANG_WARN_INFINITE_RECURSION = YES;
				CLANG_WARN_INT_CONVERSION = YES;
				CLANG_WARN_NON_LITERAL_NULL_CONVERSION = YES;
				CLANG_WARN_OBJC_IMPLICIT_RETAIN_SELF = YES;
				CLANG_WARN_OBJC_LITERAL_CONVERSION = YES;
				CLANG_WARN_OBJC_ROOT_CLASS = YES_ERROR;
				CLANG_WARN_QUOTED_INCLUDE_IN_FRAMEWORK_HEADER = YES;
				CLANG_WARN_RANGE_LOOP_ANALYSIS = YES;
				CLANG_WARN_STRICT_PROTOTYPES = YES;
				CLANG_WARN_SUSPICIOUS_MOVE = YES;
				CLANG_WARN_UNGUARDED_AVAILABILITY = YES_AGGRESSIVE;
				CLANG_WARN_UNREACHABLE_CODE = YES;
				CLANG_WARN__DUPLICATE_METHOD_MATCH = YES;
				COPY_PHASE_STRIP = NO;
				DEBUG_INFORMATION_FORMAT = dwarf;
				ENABLE_STRICT_OBJC_MSGSEND = YES;
				ENABLE_TESTABILITY = YES;
				GCC_C_LANGUAGE_STANDARD = gnu11;
				GCC_DYNAMIC_NO_PIC = NO;
				GCC_NO_COMMON_BLOCKS = YES;
				GCC_OPTIMIZATION_LEVEL = 0;
				GCC_PREPROCESSOR_DEFINITIONS = (
					"DEBUG=1",
					"$(inherited)",
				);
				GCC_WARN_64_TO_32_BIT_CONVERSION = YES;
				GCC_WARN_ABOUT_RETURN_TYPE = YES_ERROR;
				GCC_WARN_UNDECLARED_SELECTOR = YES;
				GCC_WARN_UNINITIALIZED_AUTOS = YES_AGGRESSIVE;
				GCC_WARN_UNUSED_FUNCTION = YES;
				GCC_WARN_UNUSED_VARIABLE = YES;
				IPHONEOS_DEPLOYMENT_TARGET = 14.4;
				MTL_ENABLE_DEBUG_INFO = INCLUDE_SOURCE;
				MTL_FAST_MATH = YES;
				ONLY_ACTIVE_ARCH = YES;
				SDKROOT = iphoneos;
				SWIFT_ACTIVE_COMPILATION_CONDITIONS = DEBUG;
				SWIFT_OPTIMIZATION_LEVEL = "-Onone";
			};
			name = Debug;
		};
		314EACB926156457006126DE /* Release */ = {
			isa = XCBuildConfiguration;
			buildSettings = {
				ALWAYS_SEARCH_USER_PATHS = NO;
				CLANG_ANALYZER_NONNULL = YES;
				CLANG_ANALYZER_NUMBER_OBJECT_CONVERSION = YES_AGGRESSIVE;
				CLANG_CXX_LANGUAGE_STANDARD = "gnu++14";
				CLANG_CXX_LIBRARY = "libc++";
				CLANG_ENABLE_MODULES = YES;
				CLANG_ENABLE_OBJC_ARC = YES;
				CLANG_ENABLE_OBJC_WEAK = YES;
				CLANG_WARN_BLOCK_CAPTURE_AUTORELEASING = YES;
				CLANG_WARN_BOOL_CONVERSION = YES;
				CLANG_WARN_COMMA = YES;
				CLANG_WARN_CONSTANT_CONVERSION = YES;
				CLANG_WARN_DEPRECATED_OBJC_IMPLEMENTATIONS = YES;
				CLANG_WARN_DIRECT_OBJC_ISA_USAGE = YES_ERROR;
				CLANG_WARN_DOCUMENTATION_COMMENTS = YES;
				CLANG_WARN_EMPTY_BODY = YES;
				CLANG_WARN_ENUM_CONVERSION = YES;
				CLANG_WARN_INFINITE_RECURSION = YES;
				CLANG_WARN_INT_CONVERSION = YES;
				CLANG_WARN_NON_LITERAL_NULL_CONVERSION = YES;
				CLANG_WARN_OBJC_IMPLICIT_RETAIN_SELF = YES;
				CLANG_WARN_OBJC_LITERAL_CONVERSION = YES;
				CLANG_WARN_OBJC_ROOT_CLASS = YES_ERROR;
				CLANG_WARN_QUOTED_INCLUDE_IN_FRAMEWORK_HEADER = YES;
				CLANG_WARN_RANGE_LOOP_ANALYSIS = YES;
				CLANG_WARN_STRICT_PROTOTYPES = YES;
				CLANG_WARN_SUSPICIOUS_MOVE = YES;
				CLANG_WARN_UNGUARDED_AVAILABILITY = YES_AGGRESSIVE;
				CLANG_WARN_UNREACHABLE_CODE = YES;
				CLANG_WARN__DUPLICATE_METHOD_MATCH = YES;
				COPY_PHASE_STRIP = NO;
				DEBUG_INFORMATION_FORMAT = "dwarf-with-dsym";
				ENABLE_NS_ASSERTIONS = NO;
				ENABLE_STRICT_OBJC_MSGSEND = YES;
				GCC_C_LANGUAGE_STANDARD = gnu11;
				GCC_NO_COMMON_BLOCKS = YES;
				GCC_WARN_64_TO_32_BIT_CONVERSION = YES;
				GCC_WARN_ABOUT_RETURN_TYPE = YES_ERROR;
				GCC_WARN_UNDECLARED_SELECTOR = YES;
				GCC_WARN_UNINITIALIZED_AUTOS = YES_AGGRESSIVE;
				GCC_WARN_UNUSED_FUNCTION = YES;
				GCC_WARN_UNUSED_VARIABLE = YES;
				IPHONEOS_DEPLOYMENT_TARGET = 14.4;
				MTL_ENABLE_DEBUG_INFO = NO;
				MTL_FAST_MATH = YES;
				SDKROOT = iphoneos;
				SWIFT_COMPILATION_MODE = wholemodule;
				SWIFT_OPTIMIZATION_LEVEL = "-O";
				VALIDATE_PRODUCT = YES;
			};
			name = Release;
		};
		314EACBB26156457006126DE /* Debug */ = {
			isa = XCBuildConfiguration;
			baseConfigurationReference = D9E347CC5C1483333C5192E2 /* Pods-ProgressBar.debug.xcconfig */;
			buildSettings = {
				ASSETCATALOG_COMPILER_APPICON_NAME = AppIcon;
				ASSETCATALOG_COMPILER_GLOBAL_ACCENT_COLOR_NAME = AccentColor;
				CODE_SIGN_STYLE = Automatic;
				DEVELOPMENT_TEAM = 6BBLYW79HU;
				INFOPLIST_FILE = ProgressBar/Info.plist;
				LD_RUNPATH_SEARCH_PATHS = (
					"$(inherited)",
					"@executable_path/Frameworks",
				);
				PRODUCT_BUNDLE_IDENTIFIER = com.ProgressBar;
				PRODUCT_NAME = "$(TARGET_NAME)";
				SWIFT_VERSION = 5.0;
				TARGETED_DEVICE_FAMILY = "1,2";
			};
			name = Debug;
		};
		314EACBC26156457006126DE /* Release */ = {
			isa = XCBuildConfiguration;
			baseConfigurationReference = A9F18CFAC91076F4E267924D /* Pods-ProgressBar.release.xcconfig */;
			buildSettings = {
				ASSETCATALOG_COMPILER_APPICON_NAME = AppIcon;
				ASSETCATALOG_COMPILER_GLOBAL_ACCENT_COLOR_NAME = AccentColor;
				CODE_SIGN_STYLE = Automatic;
				DEVELOPMENT_TEAM = 6BBLYW79HU;
				INFOPLIST_FILE = ProgressBar/Info.plist;
				LD_RUNPATH_SEARCH_PATHS = (
					"$(inherited)",
					"@executable_path/Frameworks",
				);
				PRODUCT_BUNDLE_IDENTIFIER = com.ProgressBar;
				PRODUCT_NAME = "$(TARGET_NAME)";
				SWIFT_VERSION = 5.0;
				TARGETED_DEVICE_FAMILY = "1,2";
			};
			name = Release;
		};
/* End XCBuildConfiguration section */

/* Begin XCConfigurationList section */
		314EACA126156456006126DE /* Build configuration list for PBXProject "ProgressBar" */ = {
			isa = XCConfigurationList;
			buildConfigurations = (
				314EACB826156457006126DE /* Debug */,
				314EACB926156457006126DE /* Release */,
			);
			defaultConfigurationIsVisible = 0;
			defaultConfigurationName = Release;
		};
		314EACBA26156457006126DE /* Build configuration list for PBXNativeTarget "ProgressBar" */ = {
			isa = XCConfigurationList;
			buildConfigurations = (
				314EACBB26156457006126DE /* Debug */,
				314EACBC26156457006126DE /* Release */,
			);
			defaultConfigurationIsVisible = 0;
			defaultConfigurationName = Release;
		};
/* End XCConfigurationList section */
	};
	rootObject = 314EAC9E26156456006126DE /* Project object */;
}
